
Microsoft Visual Studio Solution File, Format Version 11.00
# Visual Studio 2010
Project("{FAE04EC0-301F-11D3-BF4B-00C04F79EFBC}") = "OC", "OC\OC.csproj", "{C58289A6-3F17-4DCB-93C7-C3470539432A}"
EndProject
Global
	GlobalSection(SolutionConfigurationPlatforms) = preSolution
		Debug|Any CPU = Debug|Any CPU
		Release|Any CPU = Release|Any CPU
	EndGlobalSection
	GlobalSection(ProjectConfigurationPlatforms) = postSolution
		{C58289A6-3F17-4DCB-93C7-C3470539432A}.Debug|Any CPU.ActiveCfg = Debug|Any CPU
		{C58289A6-3F17-4DCB-93C7-C3470539432A}.Debug|Any CPU.Build.0 = Debug|Any CPU
		{C58289A6-3F17-4DCB-93C7-C3470539432A}.Release|Any CPU.ActiveCfg = Release|Any CPU
		{C58289A6-3F17-4DCB-93C7-C3470539432A}.Release|Any CPU.Build.0 = Release|Any CPU
	EndGlobalSection
	GlobalSection(SolutionProperties) = preSolution
		HideSolutionNode = FALSE
	EndGlobalSection
EndGlobal
